
Microsoft Visual Studio Solution File, Format Version 12.00
# Visual Studio Version 17
VisualStudioVersion = 17.3.32929.385
MinimumVisualStudioVersion = 10.0.40219.1
Project("{F184B08F-C81C-45F6-A57F-5ABD9991F28F}") = "Tanks", "Tanks\Tanks.vbproj", "{E8B296C4-CDF4-46B6-8A03-73967EF57995}"
EndProject
Global
	GlobalSection(SolutionConfigurationPlatforms) = preSolution
		Debug|Any CPU = Debug|Any CPU
		Release|Any CPU = Release|Any CPU
	EndGlobalSection
	GlobalSection(ProjectConfigurationPlatforms) = postSolution
		{E8B296C4-CDF4-46B6-8A03-73967EF57995}.Debug|Any CPU.ActiveCfg = Debug|Any CPU
		{E8B296C4-CDF4-46B6-8A03-73967EF57995}.Debug|Any CPU.Build.0 = Debug|Any CPU
		{E8B296C4-CDF4-46B6-8A03-73967EF57995}.Release|Any CPU.ActiveCfg = Release|Any CPU
		{E8B296C4-CDF4-46B6-8A03-73967EF57995}.Release|Any CPU.Build.0 = Release|Any CPU
	EndGlobalSection
	GlobalSection(SolutionProperties) = preSolution
		HideSolutionNode = FALSE
	EndGlobalSection
	GlobalSection(ExtensibilityGlobals) = postSolution
		SolutionGuid = {64043E4F-3F2C-483C-A8BB-5897A7E83FEE}
	EndGlobalSection
EndGlobal
